github.com/viger-pro/go-collections v0.4.0 h1:HAuIkOr+ZmW+O0nrVDffz1PvHQDmTyAQDHsfdWvYLO8=
github.com/viger-pro/go-collections v0.4.0/go.mod h1:IFfCBLKybUYnL2KV3Hc0jt7NfCpLW0C7E4PNkkcOx4c=
golang.org/x/sync v0.19.0 h1:vV+1eWNmZ5geRlYjzm2adRgW2/mcpevXNg50YZtPCE4=
golang.org/x/sync v0.19.0/go.mod h1:9KTHXmSnoGruLpwFjVSX0lNNA75CykiMECbovNTZqGI=
