github.com/viger-pro/go-collections v0.3.0 h1:GNFV7iv5oghCEiKL5svJpu46VqzKwUXEMBVgcsBXU5M=
github.com/viger-pro/go-collections v0.3.0/go.mod h1:IFfCBLKybUYnL2KV3Hc0jt7NfCpLW0C7E4PNkkcOx4c=
golang.org/x/sync v0.18.0 h1:kr88TuHDroi+UVf+0hZnirlk8o8T+4MrK6mr60WkH/I=
golang.org/x/sync v0.18.0/go.mod h1:9KTHXmSnoGruLpwFjVSX0lNNA75CykiMECbovNTZqGI=
